{
  "projects": [
    {
      "projectId": "ohDidvG9XsCeFumugENU3J",
      "version": "3.5.0",
      "dependencies": {},
      "lang": "ts",
      "fileLocks": [
        {
          "assetId": "ohDidvG9XsCeFumugENU3J",
          "type": "projectCss",
          "checksum": "93726672d70545e454fbe5134deec821"
        },
        {
          "assetId": "ohDidvG9XsCeFumugENU3J",
          "checksum": "73de8759f6c0d9a50948d6d3d7bf794b",
          "type": "globalContexts"
        }
      ],
      "codegenVersion": "0.0.1"
    },
    {
      "projectId": "kmmGrmCVRJPgZ5NNJMDQ4v",
      "version": "0.13.0",
      "dependencies": {},
      "lang": "ts",
      "fileLocks": [
        {
          "assetId": "kmmGrmCVRJPgZ5NNJMDQ4v",
          "type": "projectCss",
          "checksum": "dd353f09fbdedf2e1c1db4ee86664b82"
        },
        {
          "assetId": "kmmGrmCVRJPgZ5NNJMDQ4v",
          "checksum": "6f481a4d31f5b4ae5e42a82231055e5d",
          "type": "globalContexts"
        }
      ],
      "codegenVersion": "0.0.1"
    },
    {
      "projectId": "eSHiknYGb4WLC3QGLYLFnQ",
      "version": "latest",
      "dependencies": {
        "kmmGrmCVRJPgZ5NNJMDQ4v": "0.13.0",
        "ohDidvG9XsCeFumugENU3J": "3.5.0"
      },
      "lang": "ts",
      "fileLocks": [
        {
          "type": "globalVariant",
          "assetId": "PgBiFjijh7ROsO",
          "checksum": "475839d065749077a187f33a2011c39b"
        },
        {
          "assetId": "eSHiknYGb4WLC3QGLYLFnQ",
          "type": "projectCss",
          "checksum": "21f83f4890b5b450d9e7b20e3fbb9158"
        },
        {
          "assetId": "eSHiknYGb4WLC3QGLYLFnQ",
          "checksum": "f2cf174d9b16e1c0ad208f1cbbafe08e",
          "type": "globalContexts"
        },
        {
          "type": "renderModule",
          "assetId": "ZGwlmbejnPqDZ",
          "checksum": "8aa33141f92cd12469b45b8f1a593d2f"
        },
        {
          "type": "cssRules",
          "assetId": "ZGwlmbejnPqDZ",
          "checksum": "8aa33141f92cd12469b45b8f1a593d2f"
        },
        {
          "type": "renderModule",
          "assetId": "abE5NBu71KAaq",
          "checksum": "925be60bd201166b2580afb699a1f34a"
        },
        {
          "type": "cssRules",
          "assetId": "abE5NBu71KAaq",
          "checksum": "925be60bd201166b2580afb699a1f34a"
        },
        {
          "type": "renderModule",
          "assetId": "Sh8nt7GR3decD",
          "checksum": "7b541e5f2814738c3aa5e0fa85d9919d"
        },
        {
          "type": "cssRules",
          "assetId": "Sh8nt7GR3decD",
          "checksum": "7b541e5f2814738c3aa5e0fa85d9919d"
        },
        {
          "type": "renderModule",
          "assetId": "mOwRf0tmmKT0O",
          "checksum": "6b0c1ff9443616ea82114aaf9f602dd9"
        },
        {
          "type": "cssRules",
          "assetId": "mOwRf0tmmKT0O",
          "checksum": "6b0c1ff9443616ea82114aaf9f602dd9"
        },
        {
          "type": "renderModule",
          "assetId": "qbsCI_VOS3JtZ",
          "checksum": "dc23330d5186ca91114f3c65c621ffd7"
        },
        {
          "type": "cssRules",
          "assetId": "qbsCI_VOS3JtZ",
          "checksum": "dc23330d5186ca91114f3c65c621ffd7"
        },
        {
          "type": "renderModule",
          "assetId": "2QVDVqcx9ajv7",
          "checksum": "d0bfc173586eeebe8cec879e9bf38ec2"
        },
        {
          "type": "cssRules",
          "assetId": "2QVDVqcx9ajv7",
          "checksum": "d0bfc173586eeebe8cec879e9bf38ec2"
        },
        {
          "type": "renderModule",
          "assetId": "FQ-Q35VXL2xeid",
          "checksum": "0262596a3a65cfbaa399a90df51c0eeb"
        },
        {
          "type": "cssRules",
          "assetId": "FQ-Q35VXL2xeid",
          "checksum": "0262596a3a65cfbaa399a90df51c0eeb"
        },
        {
          "type": "renderModule",
          "assetId": "A3je2_yhMh6rvk",
          "checksum": "3dbf1602176f0e7eeb81d6349870e1cf"
        },
        {
          "type": "cssRules",
          "assetId": "A3je2_yhMh6rvk",
          "checksum": "3dbf1602176f0e7eeb81d6349870e1cf"
        },
        {
          "type": "renderModule",
          "assetId": "rM945-IsPC-O6u",
          "checksum": "24e2ec143f111d7a0143191f51ebd1ea"
        },
        {
          "type": "cssRules",
          "assetId": "rM945-IsPC-O6u",
          "checksum": "24e2ec143f111d7a0143191f51ebd1ea"
        },
        {
          "type": "renderModule",
          "assetId": "eO_Tuq4B0ZmZFE",
          "checksum": "33483759539173a34ee588d86c63fe87"
        },
        {
          "type": "cssRules",
          "assetId": "eO_Tuq4B0ZmZFE",
          "checksum": "33483759539173a34ee588d86c63fe87"
        },
        {
          "type": "renderModule",
          "assetId": "SaP3xqfQev-ptP",
          "checksum": "4f18ccefd585e87705e0e7df5b008876"
        },
        {
          "type": "cssRules",
          "assetId": "SaP3xqfQev-ptP",
          "checksum": "4f18ccefd585e87705e0e7df5b008876"
        },
        {
          "type": "renderModule",
          "assetId": "UvDP15VkVO5hmb",
          "checksum": "f7bd852d5fc98bc70f512e162ccb4730"
        },
        {
          "type": "cssRules",
          "assetId": "UvDP15VkVO5hmb",
          "checksum": "f7bd852d5fc98bc70f512e162ccb4730"
        },
        {
          "type": "renderModule",
          "assetId": "I_5el5M-Bk81Xi",
          "checksum": "974a23529cb3f7319b13b24c359f4b96"
        },
        {
          "type": "cssRules",
          "assetId": "I_5el5M-Bk81Xi",
          "checksum": "974a23529cb3f7319b13b24c359f4b96"
        },
        {
          "type": "renderModule",
          "assetId": "qxI8sK4vboidUg",
          "checksum": "93f281dc7ec546986af58cda1c8d940a"
        },
        {
          "type": "cssRules",
          "assetId": "qxI8sK4vboidUg",
          "checksum": "93f281dc7ec546986af58cda1c8d940a"
        },
        {
          "type": "renderModule",
          "assetId": "I4HV7g7lAOUuTK",
          "checksum": "ad25c3a325f90ca346c2cf5e4ed627e1"
        },
        {
          "type": "cssRules",
          "assetId": "I4HV7g7lAOUuTK",
          "checksum": "ad25c3a325f90ca346c2cf5e4ed627e1"
        },
        {
          "type": "renderModule",
          "assetId": "x5jkr1w2VwXOBx",
          "checksum": "48952c4fd3f6f9a3817fc30dd0704ecd"
        },
        {
          "type": "cssRules",
          "assetId": "x5jkr1w2VwXOBx",
          "checksum": "48952c4fd3f6f9a3817fc30dd0704ecd"
        },
        {
          "type": "renderModule",
          "assetId": "h9Deuef5XKQXuA",
          "checksum": "0ad25ef3b87d984e68ab8673d541edaa"
        },
        {
          "type": "cssRules",
          "assetId": "h9Deuef5XKQXuA",
          "checksum": "0ad25ef3b87d984e68ab8673d541edaa"
        },
        {
          "type": "renderModule",
          "assetId": "iZiKFaA41wnFXi",
          "checksum": "a27024e72b3f545a9b01a53a204e8605"
        },
        {
          "type": "cssRules",
          "assetId": "iZiKFaA41wnFXi",
          "checksum": "a27024e72b3f545a9b01a53a204e8605"
        },
        {
          "type": "renderModule",
          "assetId": "g6PgRV9F1F",
          "checksum": "bf5ed59e0090852856e743f63fdcc944"
        },
        {
          "type": "cssRules",
          "assetId": "g6PgRV9F1F",
          "checksum": "bf5ed59e0090852856e743f63fdcc944"
        },
        {
          "type": "renderModule",
          "assetId": "XjHhZd1_gck",
          "checksum": "0c3a259e34ae895251b048a53ba36eab"
        },
        {
          "type": "cssRules",
          "assetId": "XjHhZd1_gck",
          "checksum": "0c3a259e34ae895251b048a53ba36eab"
        },
        {
          "type": "renderModule",
          "assetId": "htL_2u5Oso",
          "checksum": "3596bc58e10b6794ad53750d978f6622"
        },
        {
          "type": "cssRules",
          "assetId": "htL_2u5Oso",
          "checksum": "3596bc58e10b6794ad53750d978f6622"
        },
        {
          "type": "icon",
          "assetId": "6Qw7--xFaSy2Vf",
          "checksum": "61b9c7d00717e008860863da921f10f9"
        },
        {
          "type": "icon",
          "assetId": "-xNTt_1SqG6hDH",
          "checksum": "73da0ca0dd74371f8eed62a44883cded"
        },
        {
          "type": "icon",
          "assetId": "iDiNuYAvxR-JUO",
          "checksum": "4456c4fb17701106822df6541c9bc980"
        },
        {
          "type": "icon",
          "assetId": "M9-850zOT1Vnhe",
          "checksum": "d7ff8810ad94bbac8f78da1cd6174c12"
        },
        {
          "type": "icon",
          "assetId": "ZKG3Ga_S7-iqvH",
          "checksum": "c6d0daca51cc11cf16d563ba565d2c21"
        },
        {
          "type": "icon",
          "assetId": "t-AVM4cittjWAE",
          "checksum": "198fad6aba2b8dcadecee5523db30c2c"
        },
        {
          "type": "image",
          "assetId": "pHlwrrXIPSlXW6",
          "checksum": "a9835abe467b4b56bc174a3095ba80de"
        },
        {
          "type": "image",
          "assetId": "VkYKMTVmCYngWc",
          "checksum": "2b2819466c18d94d2c052b699a1eeec7"
        },
        {
          "type": "image",
          "assetId": "ARUwlRd-CRh5Rg",
          "checksum": "cf5faea0b28b694e48908d0fa689669d"
        },
        {
          "type": "image",
          "assetId": "gCmqEyB0-iKGs4",
          "checksum": "85c6288f3763d37db30b21ca10d8934d"
        },
        {
          "type": "image",
          "assetId": "OfiOED9CewPTOU",
          "checksum": "e15fcbcd95e6e6ee8d4043e9e5a67a28"
        },
        {
          "type": "image",
          "assetId": "1VWestSSIO5nNM",
          "checksum": "6048a2ba38ccc75f21188e1c0ed67dbb"
        },
        {
          "type": "image",
          "assetId": "C4iMEIV673w6Rq",
          "checksum": "f40658c302086101a62da62e00d8dec6"
        },
        {
          "type": "image",
          "assetId": "HaAXMTIWE-bNxw",
          "checksum": "c7d77ce723fcd33e82323b28b62b78eb"
        },
        {
          "type": "image",
          "assetId": "LKTb7PJCaIChvG",
          "checksum": "7d9301d849fb5c06ae80226531f14db5"
        },
        {
          "type": "image",
          "assetId": "jx7rG5HUb5Z-gK",
          "checksum": "e0da2427c37ddfa953102b48842c97c3"
        },
        {
          "type": "image",
          "assetId": "VooJnAw94j-vO9",
          "checksum": "0a31a07f959c82c4ac06f88e09740098"
        },
        {
          "type": "image",
          "assetId": "FVunJ7EuX3-NYU",
          "checksum": "29bcabe4248279ce6d3a58b72d57c73b"
        },
        {
          "type": "image",
          "assetId": "fWopB772Tun84C",
          "checksum": "1b08b84be8e623d43badd4bc1233d67a"
        },
        {
          "type": "image",
          "assetId": "vGfxNqhYEnWpQ5",
          "checksum": "906b8e1ae68ca43526e1bf6b57690b41"
        },
        {
          "type": "image",
          "assetId": "e8-1AymVRs9nRO",
          "checksum": "f82d128c7f0d4c4c79956298f4590006"
        },
        {
          "type": "image",
          "assetId": "PmXr2aAZzamDu0",
          "checksum": "d06aec437e3fa8ef991191857a51e5fb"
        },
        {
          "type": "image",
          "assetId": "tK38v2bVXYRh6q",
          "checksum": "9d0baf8972dcfeb881d7be8c0e7e0f13"
        },
        {
          "type": "image",
          "assetId": "fxt81PbR1QUkIU",
          "checksum": "7234bf651d415a7cab3fd31be66fc4c8"
        },
        {
          "type": "image",
          "assetId": "LFsf578bs7xiNT",
          "checksum": "21f050db590b52c19fa379ff1b4cae67"
        },
        {
          "type": "image",
          "assetId": "-eInqwk4HNTG1v",
          "checksum": "8774ba8a741d847efc6845f7c1df7b96"
        },
        {
          "type": "image",
          "assetId": "5FrTVzcDu7FI3C",
          "checksum": "6fe94d4b514542ed0e4c60df365eb21c"
        },
        {
          "type": "image",
          "assetId": "Tpp_gYXvn7A6ul",
          "checksum": "6bcca6e96bf047a1b0c39a3d46dee046"
        },
        {
          "type": "image",
          "assetId": "WwYs2qRbSY69_z",
          "checksum": "8450304a6aa8cb283a7e734a287e5dfb"
        },
        {
          "type": "image",
          "assetId": "YdBy_PENgHOnJc",
          "checksum": "a02b45c6a1b73c442abadb1322f72273"
        },
        {
          "type": "image",
          "assetId": "CmQlUI6PPcryyO",
          "checksum": "f16e466c29c522c1559227fca7065b64"
        },
        {
          "type": "image",
          "assetId": "xftLT7brVhDXj_",
          "checksum": "696710ce6415654a6f03a1ca5f963312"
        },
        {
          "type": "image",
          "assetId": "6XN7YmD1FCcwPX",
          "checksum": "e3603fff7f7f5c6b0e6c9a820338e11e"
        },
        {
          "type": "image",
          "assetId": "E0pQYecjofE2eI",
          "checksum": "eae7abc67b1f3b284fc1b2168a84e18c"
        },
        {
          "type": "image",
          "assetId": "Od9vLwgHb3upbY",
          "checksum": "b1e59a594658277e9c6457cbb600f1f6"
        },
        {
          "type": "image",
          "assetId": "Lbhv5GDxLh3kUu",
          "checksum": "84a15f90b0f1111d1d5eeec0d5b7021e"
        },
        {
          "type": "image",
          "assetId": "1pERBA8Yn4Q72t",
          "checksum": "736417d11c273146837695c6cd5fb953"
        },
        {
          "type": "image",
          "assetId": "GgooeuBscRz_nz",
          "checksum": "4378a33ec8acb55b400d0eb812320ecb"
        },
        {
          "type": "image",
          "assetId": "tSnEH7gD-OYTqw",
          "checksum": "5650e7b8b5cf8038d5f97e6c83a1464e"
        },
        {
          "type": "image",
          "assetId": "FO2mU-3xedERy1",
          "checksum": "2638ccb3fd0b25714f552a58dd27f36b"
        },
        {
          "type": "image",
          "assetId": "uadopQet5MVidE",
          "checksum": "d77befbb6d041b1d9fc79729749102e2"
        },
        {
          "type": "image",
          "assetId": "iQNM0hYy3iBD7g",
          "checksum": "444c4e595d2d6701f56b03271fea929e"
        },
        {
          "type": "image",
          "assetId": "jUatHM1ZkGw0F6",
          "checksum": "da4f3fb96ee3a44ca81646c03b1c8f74"
        },
        {
          "type": "image",
          "assetId": "upL3PuXB7C0uJJ",
          "checksum": "2d7b8758c954139195183cd59524203c"
        },
        {
          "type": "image",
          "assetId": "wGciEk0zD0s0xv",
          "checksum": "1f80a6c2c2579e36186e9fb05b6e1576"
        },
        {
          "type": "image",
          "assetId": "NY6JpNl0iDvHwP",
          "checksum": "76beb2a4c3381951df7dcce2be0b9431"
        },
        {
          "type": "image",
          "assetId": "YTKHkt381W_O04",
          "checksum": "5fcb20acb186e193b9121a559d3bd1fc"
        },
        {
          "type": "image",
          "assetId": "e_VBv4sj8-MU3v",
          "checksum": "cd64e3971792dea7a096663f9915e62b"
        },
        {
          "type": "image",
          "assetId": "m61UdugLyfRpSk",
          "checksum": "eb66aec77d2beda83bd091b5c6a99321"
        },
        {
          "type": "image",
          "assetId": "onFOxTgNs3gxjX",
          "checksum": "0d56b740b02006a177a198b8eb56b854"
        },
        {
          "type": "image",
          "assetId": "-Yu9kDWdHrt90n",
          "checksum": "ec082ee28413f367d292fafa6b1ea327"
        },
        {
          "type": "image",
          "assetId": "gbWCWNOnZgaog_",
          "checksum": "f8e60b48e3814f12fdedbb113939c310"
        },
        {
          "type": "image",
          "assetId": "opqLR57VR",
          "checksum": "7c51971ce8b4d80059e2892c8495726c"
        },
        {
          "type": "image",
          "assetId": "ootX2ZRpo",
          "checksum": "307c1a62a1175f29e2956a7887523f03"
        },
        {
          "type": "image",
          "assetId": "Wv8E4Nda5",
          "checksum": "b5051410a74074470ea3b37fe9e496a9"
        },
        {
          "type": "image",
          "assetId": "SkCl01pb_",
          "checksum": "b4bdb41475269628f3a44f196327a884"
        },
        {
          "type": "image",
          "assetId": "nwv9YOlUN",
          "checksum": "dc15c1ca3ebc24af327954b39e8755a0"
        },
        {
          "type": "image",
          "assetId": "cVSZKk3YY",
          "checksum": "1e029dc2d1c07c3a78f0b5f540e94105"
        },
        {
          "type": "image",
          "assetId": "ZGS2KPPwe",
          "checksum": "622c3b73c4e4ee81d8be87cbc5fc65fc"
        },
        {
          "type": "image",
          "assetId": "oJxVn6otf",
          "checksum": "d94469ed22fdae2872923a54d03fd34c"
        },
        {
          "type": "image",
          "assetId": "6bxyMkL4T",
          "checksum": "52b5d1afef7a7c473c63536b2e3721cb"
        }
      ],
      "codegenVersion": "0.0.1"
    }
  ],
  "cliVersion": "0.1.271"
}
