{
  "projects": [
    {
      "projectId": "ohDidvG9XsCeFumugENU3J",
      "version": "4.8.0",
      "dependencies": {},
      "lang": "ts",
      "fileLocks": [
        {
          "assetId": "ohDidvG9XsCeFumugENU3J",
          "checksum": "8f45a75070e2f0edc34a4dc3d5f6b736",
          "type": "globalContexts"
        },
        {
          "assetId": "ohDidvG9XsCeFumugENU3J",
          "type": "projectCss",
          "checksum": "fd83b730367fdbde2c69bc6cf31c2a3c"
        }
      ],
      "codegenVersion": "0.0.1"
    },
    {
      "projectId": "kmmGrmCVRJPgZ5NNJMDQ4v",
      "version": "0.17.0",
      "dependencies": {},
      "lang": "ts",
      "fileLocks": [
        {
          "assetId": "kmmGrmCVRJPgZ5NNJMDQ4v",
          "checksum": "6f481a4d31f5b4ae5e42a82231055e5d",
          "type": "globalContexts"
        },
        {
          "assetId": "kmmGrmCVRJPgZ5NNJMDQ4v",
          "type": "projectCss",
          "checksum": "dd353f09fbdedf2e1c1db4ee86664b82"
        }
      ],
      "codegenVersion": "0.0.1"
    },
    {
      "projectId": "eSHiknYGb4WLC3QGLYLFnQ",
      "version": "latest",
      "dependencies": {
        "kmmGrmCVRJPgZ5NNJMDQ4v": "0.17.0",
        "ohDidvG9XsCeFumugENU3J": "4.8.0",
        "YUiM7yqBWAqsh8KSnrdj7": "0.20.0",
        "28Ba3BDvRe7EiWdfFNnLB6": "2.25.0",
        "r3ASNrnyvLLLAtDvzUioQ": "3.17.0",
        "GTgVzsUHzMuCMexkxJk8C": "1.18.0"
      },
      "lang": "ts",
      "fileLocks": [
        {
          "type": "globalVariant",
          "assetId": "PgBiFjijh7ROsO",
          "checksum": "475839d065749077a187f33a2011c39b"
        },
        {
          "assetId": "eSHiknYGb4WLC3QGLYLFnQ",
          "checksum": "ced5ea2bc065206ccdcabc9cca39a54b",
          "type": "globalContexts"
        },
        {
          "type": "renderModule",
          "assetId": "ZGwlmbejnPqDZ",
          "checksum": "c92fd2290703a9245fdd42bedb46073d"
        },
        {
          "type": "cssRules",
          "assetId": "ZGwlmbejnPqDZ",
          "checksum": "c92fd2290703a9245fdd42bedb46073d"
        },
        {
          "type": "renderModule",
          "assetId": "abE5NBu71KAaq",
          "checksum": "2ed4af1b1a4bc8bb706cb7fad9228670"
        },
        {
          "type": "cssRules",
          "assetId": "abE5NBu71KAaq",
          "checksum": "2ed4af1b1a4bc8bb706cb7fad9228670"
        },
        {
          "type": "renderModule",
          "assetId": "Sh8nt7GR3decD",
          "checksum": "e3dcc7efc2f658bd6076b67597aec882"
        },
        {
          "type": "cssRules",
          "assetId": "Sh8nt7GR3decD",
          "checksum": "e3dcc7efc2f658bd6076b67597aec882"
        },
        {
          "type": "renderModule",
          "assetId": "mOwRf0tmmKT0O",
          "checksum": "d6b3dd59a88ad28819eecfd1bf170f4b"
        },
        {
          "type": "cssRules",
          "assetId": "mOwRf0tmmKT0O",
          "checksum": "d6b3dd59a88ad28819eecfd1bf170f4b"
        },
        {
          "type": "renderModule",
          "assetId": "qbsCI_VOS3JtZ",
          "checksum": "8b2712a6ff10c27853da76b316d368b6"
        },
        {
          "type": "cssRules",
          "assetId": "qbsCI_VOS3JtZ",
          "checksum": "8b2712a6ff10c27853da76b316d368b6"
        },
        {
          "type": "renderModule",
          "assetId": "2QVDVqcx9ajv7",
          "checksum": "48ec7c2efb8a3ca7fced21d2beeb50fd"
        },
        {
          "type": "cssRules",
          "assetId": "2QVDVqcx9ajv7",
          "checksum": "48ec7c2efb8a3ca7fced21d2beeb50fd"
        },
        {
          "type": "renderModule",
          "assetId": "FQ-Q35VXL2xeid",
          "checksum": "1f31d0cac793ecb5a38586774333af24"
        },
        {
          "type": "cssRules",
          "assetId": "FQ-Q35VXL2xeid",
          "checksum": "1f31d0cac793ecb5a38586774333af24"
        },
        {
          "type": "renderModule",
          "assetId": "A3je2_yhMh6rvk",
          "checksum": "b08de5f46cb4422488fd89a20857f083"
        },
        {
          "type": "cssRules",
          "assetId": "A3je2_yhMh6rvk",
          "checksum": "b08de5f46cb4422488fd89a20857f083"
        },
        {
          "type": "renderModule",
          "assetId": "rM945-IsPC-O6u",
          "checksum": "26151c7b70d313f5fc9037c7e9f64880"
        },
        {
          "type": "cssRules",
          "assetId": "rM945-IsPC-O6u",
          "checksum": "26151c7b70d313f5fc9037c7e9f64880"
        },
        {
          "type": "renderModule",
          "assetId": "eO_Tuq4B0ZmZFE",
          "checksum": "c8d4d0be9c1dec577780fd7b70997aea"
        },
        {
          "type": "cssRules",
          "assetId": "eO_Tuq4B0ZmZFE",
          "checksum": "c8d4d0be9c1dec577780fd7b70997aea"
        },
        {
          "type": "renderModule",
          "assetId": "SaP3xqfQev-ptP",
          "checksum": "ed1060f70079e1dd2e5fdd0a614882dc"
        },
        {
          "type": "cssRules",
          "assetId": "SaP3xqfQev-ptP",
          "checksum": "ed1060f70079e1dd2e5fdd0a614882dc"
        },
        {
          "type": "renderModule",
          "assetId": "UvDP15VkVO5hmb",
          "checksum": "b6a130002669b8f39643d624aa333762"
        },
        {
          "type": "cssRules",
          "assetId": "UvDP15VkVO5hmb",
          "checksum": "b6a130002669b8f39643d624aa333762"
        },
        {
          "type": "renderModule",
          "assetId": "I_5el5M-Bk81Xi",
          "checksum": "d8837968aba3c6198484127398a33d34"
        },
        {
          "type": "cssRules",
          "assetId": "I_5el5M-Bk81Xi",
          "checksum": "d8837968aba3c6198484127398a33d34"
        },
        {
          "type": "renderModule",
          "assetId": "qxI8sK4vboidUg",
          "checksum": "329d8267c6317b7a0c98d5a0e93d3b60"
        },
        {
          "type": "cssRules",
          "assetId": "qxI8sK4vboidUg",
          "checksum": "329d8267c6317b7a0c98d5a0e93d3b60"
        },
        {
          "type": "renderModule",
          "assetId": "I4HV7g7lAOUuTK",
          "checksum": "f37352d2d637b09df81792a8c5d35c59"
        },
        {
          "type": "cssRules",
          "assetId": "I4HV7g7lAOUuTK",
          "checksum": "f37352d2d637b09df81792a8c5d35c59"
        },
        {
          "type": "renderModule",
          "assetId": "x5jkr1w2VwXOBx",
          "checksum": "ca12fb357c7873452ecf275e09cc5e72"
        },
        {
          "type": "cssRules",
          "assetId": "x5jkr1w2VwXOBx",
          "checksum": "ca12fb357c7873452ecf275e09cc5e72"
        },
        {
          "type": "renderModule",
          "assetId": "h9Deuef5XKQXuA",
          "checksum": "746073f1b0b1d6f7b6a43b096fb53146"
        },
        {
          "type": "cssRules",
          "assetId": "h9Deuef5XKQXuA",
          "checksum": "746073f1b0b1d6f7b6a43b096fb53146"
        },
        {
          "type": "renderModule",
          "assetId": "iZiKFaA41wnFXi",
          "checksum": "033ab5704ede2a53c0bcb4e5536437dc"
        },
        {
          "type": "cssRules",
          "assetId": "iZiKFaA41wnFXi",
          "checksum": "033ab5704ede2a53c0bcb4e5536437dc"
        },
        {
          "type": "icon",
          "assetId": "6Qw7--xFaSy2Vf",
          "checksum": "61b9c7d00717e008860863da921f10f9"
        },
        {
          "type": "icon",
          "assetId": "-xNTt_1SqG6hDH",
          "checksum": "73da0ca0dd74371f8eed62a44883cded"
        },
        {
          "type": "icon",
          "assetId": "iDiNuYAvxR-JUO",
          "checksum": "4456c4fb17701106822df6541c9bc980"
        },
        {
          "type": "icon",
          "assetId": "M9-850zOT1Vnhe",
          "checksum": "d7ff8810ad94bbac8f78da1cd6174c12"
        },
        {
          "type": "icon",
          "assetId": "ZKG3Ga_S7-iqvH",
          "checksum": "c6d0daca51cc11cf16d563ba565d2c21"
        },
        {
          "type": "icon",
          "assetId": "t-AVM4cittjWAE",
          "checksum": "198fad6aba2b8dcadecee5523db30c2c"
        },
        {
          "type": "image",
          "assetId": "pHlwrrXIPSlXW6",
          "checksum": "a9835abe467b4b56bc174a3095ba80de"
        },
        {
          "type": "image",
          "assetId": "VkYKMTVmCYngWc",
          "checksum": "2b2819466c18d94d2c052b699a1eeec7"
        },
        {
          "type": "image",
          "assetId": "ARUwlRd-CRh5Rg",
          "checksum": "cf5faea0b28b694e48908d0fa689669d"
        },
        {
          "type": "image",
          "assetId": "gCmqEyB0-iKGs4",
          "checksum": "85c6288f3763d37db30b21ca10d8934d"
        },
        {
          "type": "image",
          "assetId": "OfiOED9CewPTOU",
          "checksum": "e15fcbcd95e6e6ee8d4043e9e5a67a28"
        },
        {
          "type": "image",
          "assetId": "1VWestSSIO5nNM",
          "checksum": "6048a2ba38ccc75f21188e1c0ed67dbb"
        },
        {
          "type": "image",
          "assetId": "C4iMEIV673w6Rq",
          "checksum": "f40658c302086101a62da62e00d8dec6"
        },
        {
          "type": "image",
          "assetId": "HaAXMTIWE-bNxw",
          "checksum": "c7d77ce723fcd33e82323b28b62b78eb"
        },
        {
          "type": "image",
          "assetId": "LKTb7PJCaIChvG",
          "checksum": "7d9301d849fb5c06ae80226531f14db5"
        },
        {
          "type": "image",
          "assetId": "jx7rG5HUb5Z-gK",
          "checksum": "e0da2427c37ddfa953102b48842c97c3"
        },
        {
          "type": "image",
          "assetId": "VooJnAw94j-vO9",
          "checksum": "0a31a07f959c82c4ac06f88e09740098"
        },
        {
          "type": "image",
          "assetId": "FVunJ7EuX3-NYU",
          "checksum": "29bcabe4248279ce6d3a58b72d57c73b"
        },
        {
          "type": "image",
          "assetId": "fWopB772Tun84C",
          "checksum": "1b08b84be8e623d43badd4bc1233d67a"
        },
        {
          "type": "image",
          "assetId": "vGfxNqhYEnWpQ5",
          "checksum": "906b8e1ae68ca43526e1bf6b57690b41"
        },
        {
          "type": "image",
          "assetId": "e8-1AymVRs9nRO",
          "checksum": "f82d128c7f0d4c4c79956298f4590006"
        },
        {
          "type": "image",
          "assetId": "PmXr2aAZzamDu0",
          "checksum": "d06aec437e3fa8ef991191857a51e5fb"
        },
        {
          "type": "image",
          "assetId": "tK38v2bVXYRh6q",
          "checksum": "9d0baf8972dcfeb881d7be8c0e7e0f13"
        },
        {
          "type": "image",
          "assetId": "fxt81PbR1QUkIU",
          "checksum": "7234bf651d415a7cab3fd31be66fc4c8"
        },
        {
          "type": "image",
          "assetId": "LFsf578bs7xiNT",
          "checksum": "21f050db590b52c19fa379ff1b4cae67"
        },
        {
          "type": "image",
          "assetId": "-eInqwk4HNTG1v",
          "checksum": "8774ba8a741d847efc6845f7c1df7b96"
        },
        {
          "type": "image",
          "assetId": "5FrTVzcDu7FI3C",
          "checksum": "6fe94d4b514542ed0e4c60df365eb21c"
        },
        {
          "type": "image",
          "assetId": "Tpp_gYXvn7A6ul",
          "checksum": "6bcca6e96bf047a1b0c39a3d46dee046"
        },
        {
          "type": "image",
          "assetId": "WwYs2qRbSY69_z",
          "checksum": "8450304a6aa8cb283a7e734a287e5dfb"
        },
        {
          "type": "image",
          "assetId": "YdBy_PENgHOnJc",
          "checksum": "a02b45c6a1b73c442abadb1322f72273"
        },
        {
          "type": "image",
          "assetId": "CmQlUI6PPcryyO",
          "checksum": "f16e466c29c522c1559227fca7065b64"
        },
        {
          "type": "image",
          "assetId": "xftLT7brVhDXj_",
          "checksum": "696710ce6415654a6f03a1ca5f963312"
        },
        {
          "type": "image",
          "assetId": "6XN7YmD1FCcwPX",
          "checksum": "e3603fff7f7f5c6b0e6c9a820338e11e"
        },
        {
          "type": "image",
          "assetId": "E0pQYecjofE2eI",
          "checksum": "eae7abc67b1f3b284fc1b2168a84e18c"
        },
        {
          "type": "image",
          "assetId": "Od9vLwgHb3upbY",
          "checksum": "b1e59a594658277e9c6457cbb600f1f6"
        },
        {
          "type": "image",
          "assetId": "Lbhv5GDxLh3kUu",
          "checksum": "84a15f90b0f1111d1d5eeec0d5b7021e"
        },
        {
          "type": "image",
          "assetId": "1pERBA8Yn4Q72t",
          "checksum": "736417d11c273146837695c6cd5fb953"
        },
        {
          "type": "image",
          "assetId": "GgooeuBscRz_nz",
          "checksum": "4378a33ec8acb55b400d0eb812320ecb"
        },
        {
          "type": "image",
          "assetId": "tSnEH7gD-OYTqw",
          "checksum": "5650e7b8b5cf8038d5f97e6c83a1464e"
        },
        {
          "type": "image",
          "assetId": "FO2mU-3xedERy1",
          "checksum": "2638ccb3fd0b25714f552a58dd27f36b"
        },
        {
          "type": "image",
          "assetId": "uadopQet5MVidE",
          "checksum": "d77befbb6d041b1d9fc79729749102e2"
        },
        {
          "type": "image",
          "assetId": "iQNM0hYy3iBD7g",
          "checksum": "444c4e595d2d6701f56b03271fea929e"
        },
        {
          "type": "image",
          "assetId": "jUatHM1ZkGw0F6",
          "checksum": "da4f3fb96ee3a44ca81646c03b1c8f74"
        },
        {
          "type": "image",
          "assetId": "upL3PuXB7C0uJJ",
          "checksum": "2d7b8758c954139195183cd59524203c"
        },
        {
          "type": "image",
          "assetId": "wGciEk0zD0s0xv",
          "checksum": "1f80a6c2c2579e36186e9fb05b6e1576"
        },
        {
          "type": "image",
          "assetId": "NY6JpNl0iDvHwP",
          "checksum": "76beb2a4c3381951df7dcce2be0b9431"
        },
        {
          "type": "image",
          "assetId": "YTKHkt381W_O04",
          "checksum": "5fcb20acb186e193b9121a559d3bd1fc"
        },
        {
          "type": "image",
          "assetId": "e_VBv4sj8-MU3v",
          "checksum": "cd64e3971792dea7a096663f9915e62b"
        },
        {
          "type": "image",
          "assetId": "m61UdugLyfRpSk",
          "checksum": "eb66aec77d2beda83bd091b5c6a99321"
        },
        {
          "type": "image",
          "assetId": "onFOxTgNs3gxjX",
          "checksum": "0d56b740b02006a177a198b8eb56b854"
        },
        {
          "type": "image",
          "assetId": "-Yu9kDWdHrt90n",
          "checksum": "ec082ee28413f367d292fafa6b1ea327"
        },
        {
          "type": "image",
          "assetId": "gbWCWNOnZgaog_",
          "checksum": "f8e60b48e3814f12fdedbb113939c310"
        },
        {
          "type": "image",
          "assetId": "opqLR57VR",
          "checksum": "7c51971ce8b4d80059e2892c8495726c"
        },
        {
          "type": "image",
          "assetId": "ootX2ZRpo",
          "checksum": "307c1a62a1175f29e2956a7887523f03"
        },
        {
          "type": "image",
          "assetId": "Wv8E4Nda5",
          "checksum": "b5051410a74074470ea3b37fe9e496a9"
        },
        {
          "type": "image",
          "assetId": "SkCl01pb_",
          "checksum": "b4bdb41475269628f3a44f196327a884"
        },
        {
          "type": "image",
          "assetId": "nwv9YOlUN",
          "checksum": "dc15c1ca3ebc24af327954b39e8755a0"
        },
        {
          "type": "image",
          "assetId": "cVSZKk3YY",
          "checksum": "1e029dc2d1c07c3a78f0b5f540e94105"
        },
        {
          "type": "image",
          "assetId": "ZGS2KPPwe",
          "checksum": "622c3b73c4e4ee81d8be87cbc5fc65fc"
        },
        {
          "type": "image",
          "assetId": "oJxVn6otf",
          "checksum": "d94469ed22fdae2872923a54d03fd34c"
        },
        {
          "type": "image",
          "assetId": "6bxyMkL4T",
          "checksum": "52b5d1afef7a7c473c63536b2e3721cb"
        },
        {
          "type": "image",
          "assetId": "jZIqa290j",
          "checksum": "7e56b98861956c5029d1eb7b440b4779"
        },
        {
          "type": "image",
          "assetId": "IsCUi-7aQ",
          "checksum": "c74c4baa7dfbc2a738127c6ef17d42d3"
        },
        {
          "type": "image",
          "assetId": "TGqLK9A42",
          "checksum": "6e90878d16b5c31e526a04eaf483f433"
        },
        {
          "type": "image",
          "assetId": "sWH-VrNL6",
          "checksum": "6eac8a2e022853889e636d28056cef10"
        },
        {
          "type": "icon",
          "assetId": "_bItU7RPaKR",
          "checksum": "656527ac4f7c7350653eacea58309de3"
        },
        {
          "type": "icon",
          "assetId": "OiUk3E6LM3g",
          "checksum": "b089705525ca74554f9f0621a4ac1ca0"
        },
        {
          "type": "icon",
          "assetId": "1yuRwJ6VGDP",
          "checksum": "007617b29ed878c45f1c6e9d458e4558"
        },
        {
          "type": "icon",
          "assetId": "gjJAKpMz6GI",
          "checksum": "f950028f90095a21f7e369ede8881c4c"
        },
        {
          "type": "image",
          "assetId": "TMOAFfzCeo3",
          "checksum": "32cb12cdb4ddba24dd035feb79e0e42c"
        },
        {
          "type": "renderModule",
          "assetId": "hHvPWKVFpN",
          "checksum": "880d30ed5afa3dad7b0506e2fede2d2e"
        },
        {
          "type": "cssRules",
          "assetId": "hHvPWKVFpN",
          "checksum": "880d30ed5afa3dad7b0506e2fede2d2e"
        },
        {
          "type": "image",
          "assetId": "1_ZUKLXo2",
          "checksum": "5470f9a18672cc316f21498a7e7d8412"
        },
        {
          "type": "image",
          "assetId": "4IsLXFqSR",
          "checksum": "d668abb28bb7df769d2d15b39d309c91"
        },
        {
          "type": "image",
          "assetId": "n6CwUMDcQ",
          "checksum": "a09773157bd1324449c16da0ca01af2d"
        },
        {
          "type": "image",
          "assetId": "sr7HOGUDu",
          "checksum": "c542fe5e1d6c9c875097f7ce47f7d71d"
        },
        {
          "type": "renderModule",
          "assetId": "sTPn1uNXQV",
          "checksum": "000a4fe65fecf5e9c9b9d7e774c811bb"
        },
        {
          "type": "cssRules",
          "assetId": "sTPn1uNXQV",
          "checksum": "000a4fe65fecf5e9c9b9d7e774c811bb"
        },
        {
          "type": "renderModule",
          "assetId": "ijauRjypRvZ9",
          "checksum": "fe05eb4f180816047d81ad9255a5988b"
        },
        {
          "type": "cssRules",
          "assetId": "ijauRjypRvZ9",
          "checksum": "fe05eb4f180816047d81ad9255a5988b"
        },
        {
          "type": "icon",
          "assetId": "InSiecUHBEeW",
          "checksum": "dc49a83310d4196bc3fa3346bab60189"
        },
        {
          "type": "image",
          "assetId": "bfgkcnJYAQ-Y",
          "checksum": "5ada6d6cc5610f916e8f274f268c922e"
        },
        {
          "type": "image",
          "assetId": "Osduy1Ursa9a",
          "checksum": "1e8bac63e513d7ee842668ccb7000a96"
        },
        {
          "type": "image",
          "assetId": "ZJP0wMJ2OlEr",
          "checksum": "959d0b3b55b41d29d6e73f0e0a785255"
        },
        {
          "type": "image",
          "assetId": "lMWSOWGYUcKW",
          "checksum": "ea2724dc4dea1a4957a6d238078339ab"
        },
        {
          "type": "image",
          "assetId": "n6Sgl7wOCEUO",
          "checksum": "f96136413b4bdc0817e5d6ef94c7e317"
        },
        {
          "type": "image",
          "assetId": "hL9_wSJaOzVa",
          "checksum": "643a80256211c22c7c3a4138822cfa5c"
        },
        {
          "type": "image",
          "assetId": "Plu6SbKVHadW",
          "checksum": "f256f7f4c29a081e73358200f7453b9b"
        },
        {
          "type": "image",
          "assetId": "RNoqLZae9Out",
          "checksum": "2c0e806e514a9f1156e48ed2dca66a5c"
        },
        {
          "type": "image",
          "assetId": "uloxI9YLzpM4",
          "checksum": "a59ab87aaac72df1cdc2ac0970730109"
        },
        {
          "type": "image",
          "assetId": "-Y4Z5Zex4XpJ",
          "checksum": "a78d73e464aa9e8d3c8cbb2cec3ffb8f"
        },
        {
          "type": "image",
          "assetId": "ry3yVAShQkVD",
          "checksum": "eb8dafd95452da57673d5038947983a3"
        },
        {
          "type": "image",
          "assetId": "I7lWo1mifa-X",
          "checksum": "33040b293050ca35f0dd2ad2e269d27c"
        },
        {
          "type": "image",
          "assetId": "czPcwGIKrKsB",
          "checksum": "1e1d3389af6dd2da38e2ac5cb18a915d"
        },
        {
          "type": "image",
          "assetId": "zONzhZeoxRAY",
          "checksum": "f158d9ddb753ff8660f78ad7bb9b3585"
        },
        {
          "type": "image",
          "assetId": "XPVrzjcFxJ2F",
          "checksum": "eaceda9fa15163666ff48e4abd723626"
        },
        {
          "type": "image",
          "assetId": "GoRpFlJvxT1F",
          "checksum": "87cd2671c9ae365a29f8736e5cbad011"
        },
        {
          "type": "image",
          "assetId": "Mcw4AAkQf09O",
          "checksum": "21595362253ba4c40931c04c69235ddd"
        },
        {
          "type": "image",
          "assetId": "rIa9-jKfxoxd",
          "checksum": "e003f3e710df5a7c53245e6b474675d8"
        },
        {
          "type": "image",
          "assetId": "k2g_dNwJpW_P",
          "checksum": "015f93a6752f779f6b4c9af545ddb2ec"
        },
        {
          "type": "image",
          "assetId": "PXiR6MBGqFCP",
          "checksum": "04f89ad0389a897e109c843464621299"
        },
        {
          "assetId": "eSHiknYGb4WLC3QGLYLFnQ",
          "type": "projectCss",
          "checksum": "e478cbcca453df2f6b96a84acc33ab82"
        }
      ],
      "codegenVersion": "0.0.1"
    },
    {
      "projectId": "YUiM7yqBWAqsh8KSnrdj7",
      "version": "0.20.0",
      "dependencies": {},
      "lang": "ts",
      "fileLocks": [
        {
          "assetId": "YUiM7yqBWAqsh8KSnrdj7",
          "type": "projectCss",
          "checksum": "dac72600b04b6e6a3014e82512a15fe1"
        }
      ],
      "codegenVersion": "0.0.1"
    },
    {
      "projectId": "28Ba3BDvRe7EiWdfFNnLB6",
      "version": "2.25.0",
      "dependencies": {},
      "lang": "ts",
      "fileLocks": [
        {
          "assetId": "28Ba3BDvRe7EiWdfFNnLB6",
          "type": "projectCss",
          "checksum": "e1ec850476829c38b0f9b6d4f7ac446a"
        }
      ],
      "codegenVersion": "0.0.1"
    },
    {
      "projectId": "GTgVzsUHzMuCMexkxJk8C",
      "version": "1.18.0",
      "dependencies": {},
      "lang": "ts",
      "fileLocks": [
        {
          "assetId": "GTgVzsUHzMuCMexkxJk8C",
          "checksum": "d4b166de9e30af91e78430d22c9c6acd",
          "type": "globalContexts"
        },
        {
          "assetId": "GTgVzsUHzMuCMexkxJk8C",
          "type": "projectCss",
          "checksum": "512ff26de67a0d5e4509540dfa8f5a2e"
        }
      ],
      "codegenVersion": "0.0.1"
    },
    {
      "projectId": "r3ASNrnyvLLLAtDvzUioQ",
      "version": "3.17.0",
      "dependencies": {},
      "lang": "ts",
      "fileLocks": [
        {
          "assetId": "r3ASNrnyvLLLAtDvzUioQ",
          "type": "projectCss",
          "checksum": "97ec772be5160e37b26814fd84fdccb9"
        }
      ],
      "codegenVersion": "0.0.1"
    }
  ],
  "cliVersion": "0.1.271"
}
