{
  "projects": [
    {
      "projectId": "ohDidvG9XsCeFumugENU3J",
      "version": "4.5.0",
      "dependencies": {},
      "lang": "ts",
      "fileLocks": [
        {
          "assetId": "ohDidvG9XsCeFumugENU3J",
          "checksum": "8f45a75070e2f0edc34a4dc3d5f6b736",
          "type": "globalContexts"
        },
        {
          "assetId": "ohDidvG9XsCeFumugENU3J",
          "type": "projectCss",
          "checksum": "fd83b730367fdbde2c69bc6cf31c2a3c"
        }
      ],
      "codegenVersion": "0.0.1"
    },
    {
      "projectId": "kmmGrmCVRJPgZ5NNJMDQ4v",
      "version": "0.16.0",
      "dependencies": {},
      "lang": "ts",
      "fileLocks": [
        {
          "assetId": "kmmGrmCVRJPgZ5NNJMDQ4v",
          "checksum": "6f481a4d31f5b4ae5e42a82231055e5d",
          "type": "globalContexts"
        },
        {
          "assetId": "kmmGrmCVRJPgZ5NNJMDQ4v",
          "type": "projectCss",
          "checksum": "dd353f09fbdedf2e1c1db4ee86664b82"
        }
      ],
      "codegenVersion": "0.0.1"
    },
    {
      "projectId": "eSHiknYGb4WLC3QGLYLFnQ",
      "version": "latest",
      "dependencies": {
        "kmmGrmCVRJPgZ5NNJMDQ4v": "0.16.0",
        "ohDidvG9XsCeFumugENU3J": "4.6.0",
        "YUiM7yqBWAqsh8KSnrdj7": "0.19.0",
        "28Ba3BDvRe7EiWdfFNnLB6": "2.23.0",
        "r3ASNrnyvLLLAtDvzUioQ": "3.15.0"
      },
      "lang": "ts",
      "fileLocks": [
        {
          "type": "globalVariant",
          "assetId": "PgBiFjijh7ROsO",
          "checksum": "475839d065749077a187f33a2011c39b"
        },
        {
          "assetId": "eSHiknYGb4WLC3QGLYLFnQ",
          "checksum": "df27f74ebc443f3153aa7806c8efd5f8",
          "type": "globalContexts"
        },
        {
          "type": "renderModule",
          "assetId": "ZGwlmbejnPqDZ",
          "checksum": "ad21bb3b02079ee10161b1f57855509b"
        },
        {
          "type": "cssRules",
          "assetId": "ZGwlmbejnPqDZ",
          "checksum": "ad21bb3b02079ee10161b1f57855509b"
        },
        {
          "type": "renderModule",
          "assetId": "abE5NBu71KAaq",
          "checksum": "71923452ae38a8e0d5532f879e4929ea"
        },
        {
          "type": "cssRules",
          "assetId": "abE5NBu71KAaq",
          "checksum": "71923452ae38a8e0d5532f879e4929ea"
        },
        {
          "type": "renderModule",
          "assetId": "Sh8nt7GR3decD",
          "checksum": "8b983d982a73b47388a2e05716b9472c"
        },
        {
          "type": "cssRules",
          "assetId": "Sh8nt7GR3decD",
          "checksum": "8b983d982a73b47388a2e05716b9472c"
        },
        {
          "type": "renderModule",
          "assetId": "mOwRf0tmmKT0O",
          "checksum": "eaa415c0241249493f39dfcf4a74c6c7"
        },
        {
          "type": "cssRules",
          "assetId": "mOwRf0tmmKT0O",
          "checksum": "eaa415c0241249493f39dfcf4a74c6c7"
        },
        {
          "type": "renderModule",
          "assetId": "qbsCI_VOS3JtZ",
          "checksum": "21f2d385fc0f38c719f3ee337b88bf5b"
        },
        {
          "type": "cssRules",
          "assetId": "qbsCI_VOS3JtZ",
          "checksum": "21f2d385fc0f38c719f3ee337b88bf5b"
        },
        {
          "type": "renderModule",
          "assetId": "2QVDVqcx9ajv7",
          "checksum": "a46a90c798c4ceffcc0e6035592e4afd"
        },
        {
          "type": "cssRules",
          "assetId": "2QVDVqcx9ajv7",
          "checksum": "a46a90c798c4ceffcc0e6035592e4afd"
        },
        {
          "type": "renderModule",
          "assetId": "FQ-Q35VXL2xeid",
          "checksum": "2be2da9c2b2c0b5991e03a2ee89312c2"
        },
        {
          "type": "cssRules",
          "assetId": "FQ-Q35VXL2xeid",
          "checksum": "2be2da9c2b2c0b5991e03a2ee89312c2"
        },
        {
          "type": "renderModule",
          "assetId": "A3je2_yhMh6rvk",
          "checksum": "f1d5d0457c766196a52e9aa9912fb8d2"
        },
        {
          "type": "cssRules",
          "assetId": "A3je2_yhMh6rvk",
          "checksum": "f1d5d0457c766196a52e9aa9912fb8d2"
        },
        {
          "type": "renderModule",
          "assetId": "rM945-IsPC-O6u",
          "checksum": "47fee38d21d241bfab00c8313386e20b"
        },
        {
          "type": "cssRules",
          "assetId": "rM945-IsPC-O6u",
          "checksum": "47fee38d21d241bfab00c8313386e20b"
        },
        {
          "type": "renderModule",
          "assetId": "eO_Tuq4B0ZmZFE",
          "checksum": "4f335b2fd36118751213492b29334676"
        },
        {
          "type": "cssRules",
          "assetId": "eO_Tuq4B0ZmZFE",
          "checksum": "4f335b2fd36118751213492b29334676"
        },
        {
          "type": "renderModule",
          "assetId": "SaP3xqfQev-ptP",
          "checksum": "ba0e837564857e12c8d7374dadcf0948"
        },
        {
          "type": "cssRules",
          "assetId": "SaP3xqfQev-ptP",
          "checksum": "ba0e837564857e12c8d7374dadcf0948"
        },
        {
          "type": "renderModule",
          "assetId": "UvDP15VkVO5hmb",
          "checksum": "09e8876a72e799d7073bdf21293dd04e"
        },
        {
          "type": "cssRules",
          "assetId": "UvDP15VkVO5hmb",
          "checksum": "09e8876a72e799d7073bdf21293dd04e"
        },
        {
          "type": "renderModule",
          "assetId": "I_5el5M-Bk81Xi",
          "checksum": "cee3d7f370b591e06ab5f17fc7d64306"
        },
        {
          "type": "cssRules",
          "assetId": "I_5el5M-Bk81Xi",
          "checksum": "cee3d7f370b591e06ab5f17fc7d64306"
        },
        {
          "type": "renderModule",
          "assetId": "qxI8sK4vboidUg",
          "checksum": "a59360420d87efb0f9ec1ceb98c4cb98"
        },
        {
          "type": "cssRules",
          "assetId": "qxI8sK4vboidUg",
          "checksum": "a59360420d87efb0f9ec1ceb98c4cb98"
        },
        {
          "type": "renderModule",
          "assetId": "I4HV7g7lAOUuTK",
          "checksum": "fdbde780cdc671c5c142ecd2a4a598ea"
        },
        {
          "type": "cssRules",
          "assetId": "I4HV7g7lAOUuTK",
          "checksum": "fdbde780cdc671c5c142ecd2a4a598ea"
        },
        {
          "type": "renderModule",
          "assetId": "x5jkr1w2VwXOBx",
          "checksum": "c0f46bb7036cdaa8daf6edb911f4032b"
        },
        {
          "type": "cssRules",
          "assetId": "x5jkr1w2VwXOBx",
          "checksum": "c0f46bb7036cdaa8daf6edb911f4032b"
        },
        {
          "type": "renderModule",
          "assetId": "h9Deuef5XKQXuA",
          "checksum": "35276472eace4f12777511f6e7583979"
        },
        {
          "type": "cssRules",
          "assetId": "h9Deuef5XKQXuA",
          "checksum": "35276472eace4f12777511f6e7583979"
        },
        {
          "type": "renderModule",
          "assetId": "iZiKFaA41wnFXi",
          "checksum": "0868b0fad93aecf1c276cdbe23233759"
        },
        {
          "type": "cssRules",
          "assetId": "iZiKFaA41wnFXi",
          "checksum": "0868b0fad93aecf1c276cdbe23233759"
        },
        {
          "type": "renderModule",
          "assetId": "g6PgRV9F1F",
          "checksum": "3d213491dbfe22fba360309e09279dd4"
        },
        {
          "type": "cssRules",
          "assetId": "g6PgRV9F1F",
          "checksum": "3d213491dbfe22fba360309e09279dd4"
        },
        {
          "type": "icon",
          "assetId": "6Qw7--xFaSy2Vf",
          "checksum": "61b9c7d00717e008860863da921f10f9"
        },
        {
          "type": "icon",
          "assetId": "-xNTt_1SqG6hDH",
          "checksum": "73da0ca0dd74371f8eed62a44883cded"
        },
        {
          "type": "icon",
          "assetId": "iDiNuYAvxR-JUO",
          "checksum": "4456c4fb17701106822df6541c9bc980"
        },
        {
          "type": "icon",
          "assetId": "M9-850zOT1Vnhe",
          "checksum": "d7ff8810ad94bbac8f78da1cd6174c12"
        },
        {
          "type": "icon",
          "assetId": "ZKG3Ga_S7-iqvH",
          "checksum": "c6d0daca51cc11cf16d563ba565d2c21"
        },
        {
          "type": "icon",
          "assetId": "t-AVM4cittjWAE",
          "checksum": "198fad6aba2b8dcadecee5523db30c2c"
        },
        {
          "type": "image",
          "assetId": "pHlwrrXIPSlXW6",
          "checksum": "a9835abe467b4b56bc174a3095ba80de"
        },
        {
          "type": "image",
          "assetId": "VkYKMTVmCYngWc",
          "checksum": "2b2819466c18d94d2c052b699a1eeec7"
        },
        {
          "type": "image",
          "assetId": "ARUwlRd-CRh5Rg",
          "checksum": "cf5faea0b28b694e48908d0fa689669d"
        },
        {
          "type": "image",
          "assetId": "gCmqEyB0-iKGs4",
          "checksum": "85c6288f3763d37db30b21ca10d8934d"
        },
        {
          "type": "image",
          "assetId": "OfiOED9CewPTOU",
          "checksum": "e15fcbcd95e6e6ee8d4043e9e5a67a28"
        },
        {
          "type": "image",
          "assetId": "1VWestSSIO5nNM",
          "checksum": "6048a2ba38ccc75f21188e1c0ed67dbb"
        },
        {
          "type": "image",
          "assetId": "C4iMEIV673w6Rq",
          "checksum": "f40658c302086101a62da62e00d8dec6"
        },
        {
          "type": "image",
          "assetId": "HaAXMTIWE-bNxw",
          "checksum": "c7d77ce723fcd33e82323b28b62b78eb"
        },
        {
          "type": "image",
          "assetId": "LKTb7PJCaIChvG",
          "checksum": "7d9301d849fb5c06ae80226531f14db5"
        },
        {
          "type": "image",
          "assetId": "jx7rG5HUb5Z-gK",
          "checksum": "e0da2427c37ddfa953102b48842c97c3"
        },
        {
          "type": "image",
          "assetId": "VooJnAw94j-vO9",
          "checksum": "0a31a07f959c82c4ac06f88e09740098"
        },
        {
          "type": "image",
          "assetId": "FVunJ7EuX3-NYU",
          "checksum": "29bcabe4248279ce6d3a58b72d57c73b"
        },
        {
          "type": "image",
          "assetId": "fWopB772Tun84C",
          "checksum": "1b08b84be8e623d43badd4bc1233d67a"
        },
        {
          "type": "image",
          "assetId": "vGfxNqhYEnWpQ5",
          "checksum": "906b8e1ae68ca43526e1bf6b57690b41"
        },
        {
          "type": "image",
          "assetId": "e8-1AymVRs9nRO",
          "checksum": "f82d128c7f0d4c4c79956298f4590006"
        },
        {
          "type": "image",
          "assetId": "PmXr2aAZzamDu0",
          "checksum": "d06aec437e3fa8ef991191857a51e5fb"
        },
        {
          "type": "image",
          "assetId": "tK38v2bVXYRh6q",
          "checksum": "9d0baf8972dcfeb881d7be8c0e7e0f13"
        },
        {
          "type": "image",
          "assetId": "fxt81PbR1QUkIU",
          "checksum": "7234bf651d415a7cab3fd31be66fc4c8"
        },
        {
          "type": "image",
          "assetId": "LFsf578bs7xiNT",
          "checksum": "21f050db590b52c19fa379ff1b4cae67"
        },
        {
          "type": "image",
          "assetId": "-eInqwk4HNTG1v",
          "checksum": "8774ba8a741d847efc6845f7c1df7b96"
        },
        {
          "type": "image",
          "assetId": "5FrTVzcDu7FI3C",
          "checksum": "6fe94d4b514542ed0e4c60df365eb21c"
        },
        {
          "type": "image",
          "assetId": "Tpp_gYXvn7A6ul",
          "checksum": "6bcca6e96bf047a1b0c39a3d46dee046"
        },
        {
          "type": "image",
          "assetId": "WwYs2qRbSY69_z",
          "checksum": "8450304a6aa8cb283a7e734a287e5dfb"
        },
        {
          "type": "image",
          "assetId": "YdBy_PENgHOnJc",
          "checksum": "a02b45c6a1b73c442abadb1322f72273"
        },
        {
          "type": "image",
          "assetId": "CmQlUI6PPcryyO",
          "checksum": "f16e466c29c522c1559227fca7065b64"
        },
        {
          "type": "image",
          "assetId": "xftLT7brVhDXj_",
          "checksum": "696710ce6415654a6f03a1ca5f963312"
        },
        {
          "type": "image",
          "assetId": "6XN7YmD1FCcwPX",
          "checksum": "e3603fff7f7f5c6b0e6c9a820338e11e"
        },
        {
          "type": "image",
          "assetId": "E0pQYecjofE2eI",
          "checksum": "eae7abc67b1f3b284fc1b2168a84e18c"
        },
        {
          "type": "image",
          "assetId": "Od9vLwgHb3upbY",
          "checksum": "b1e59a594658277e9c6457cbb600f1f6"
        },
        {
          "type": "image",
          "assetId": "Lbhv5GDxLh3kUu",
          "checksum": "84a15f90b0f1111d1d5eeec0d5b7021e"
        },
        {
          "type": "image",
          "assetId": "1pERBA8Yn4Q72t",
          "checksum": "736417d11c273146837695c6cd5fb953"
        },
        {
          "type": "image",
          "assetId": "GgooeuBscRz_nz",
          "checksum": "4378a33ec8acb55b400d0eb812320ecb"
        },
        {
          "type": "image",
          "assetId": "tSnEH7gD-OYTqw",
          "checksum": "5650e7b8b5cf8038d5f97e6c83a1464e"
        },
        {
          "type": "image",
          "assetId": "FO2mU-3xedERy1",
          "checksum": "2638ccb3fd0b25714f552a58dd27f36b"
        },
        {
          "type": "image",
          "assetId": "uadopQet5MVidE",
          "checksum": "d77befbb6d041b1d9fc79729749102e2"
        },
        {
          "type": "image",
          "assetId": "iQNM0hYy3iBD7g",
          "checksum": "444c4e595d2d6701f56b03271fea929e"
        },
        {
          "type": "image",
          "assetId": "jUatHM1ZkGw0F6",
          "checksum": "da4f3fb96ee3a44ca81646c03b1c8f74"
        },
        {
          "type": "image",
          "assetId": "upL3PuXB7C0uJJ",
          "checksum": "2d7b8758c954139195183cd59524203c"
        },
        {
          "type": "image",
          "assetId": "wGciEk0zD0s0xv",
          "checksum": "1f80a6c2c2579e36186e9fb05b6e1576"
        },
        {
          "type": "image",
          "assetId": "NY6JpNl0iDvHwP",
          "checksum": "76beb2a4c3381951df7dcce2be0b9431"
        },
        {
          "type": "image",
          "assetId": "YTKHkt381W_O04",
          "checksum": "5fcb20acb186e193b9121a559d3bd1fc"
        },
        {
          "type": "image",
          "assetId": "e_VBv4sj8-MU3v",
          "checksum": "cd64e3971792dea7a096663f9915e62b"
        },
        {
          "type": "image",
          "assetId": "m61UdugLyfRpSk",
          "checksum": "eb66aec77d2beda83bd091b5c6a99321"
        },
        {
          "type": "image",
          "assetId": "onFOxTgNs3gxjX",
          "checksum": "0d56b740b02006a177a198b8eb56b854"
        },
        {
          "type": "image",
          "assetId": "-Yu9kDWdHrt90n",
          "checksum": "ec082ee28413f367d292fafa6b1ea327"
        },
        {
          "type": "image",
          "assetId": "gbWCWNOnZgaog_",
          "checksum": "f8e60b48e3814f12fdedbb113939c310"
        },
        {
          "type": "image",
          "assetId": "opqLR57VR",
          "checksum": "7c51971ce8b4d80059e2892c8495726c"
        },
        {
          "type": "image",
          "assetId": "ootX2ZRpo",
          "checksum": "307c1a62a1175f29e2956a7887523f03"
        },
        {
          "type": "image",
          "assetId": "Wv8E4Nda5",
          "checksum": "b5051410a74074470ea3b37fe9e496a9"
        },
        {
          "type": "image",
          "assetId": "SkCl01pb_",
          "checksum": "b4bdb41475269628f3a44f196327a884"
        },
        {
          "type": "image",
          "assetId": "nwv9YOlUN",
          "checksum": "dc15c1ca3ebc24af327954b39e8755a0"
        },
        {
          "type": "image",
          "assetId": "cVSZKk3YY",
          "checksum": "1e029dc2d1c07c3a78f0b5f540e94105"
        },
        {
          "type": "image",
          "assetId": "ZGS2KPPwe",
          "checksum": "622c3b73c4e4ee81d8be87cbc5fc65fc"
        },
        {
          "type": "image",
          "assetId": "oJxVn6otf",
          "checksum": "d94469ed22fdae2872923a54d03fd34c"
        },
        {
          "type": "image",
          "assetId": "6bxyMkL4T",
          "checksum": "52b5d1afef7a7c473c63536b2e3721cb"
        },
        {
          "type": "image",
          "assetId": "jZIqa290j",
          "checksum": "7e56b98861956c5029d1eb7b440b4779"
        },
        {
          "type": "image",
          "assetId": "IsCUi-7aQ",
          "checksum": "c74c4baa7dfbc2a738127c6ef17d42d3"
        },
        {
          "type": "image",
          "assetId": "TGqLK9A42",
          "checksum": "6e90878d16b5c31e526a04eaf483f433"
        },
        {
          "type": "image",
          "assetId": "sWH-VrNL6",
          "checksum": "6eac8a2e022853889e636d28056cef10"
        },
        {
          "type": "renderModule",
          "assetId": "H_9_PzWWma",
          "checksum": "b5f80af488ed951b2633b30b36148ec9"
        },
        {
          "type": "cssRules",
          "assetId": "H_9_PzWWma",
          "checksum": "b5f80af488ed951b2633b30b36148ec9"
        },
        {
          "type": "icon",
          "assetId": "_bItU7RPaKR",
          "checksum": "656527ac4f7c7350653eacea58309de3"
        },
        {
          "type": "icon",
          "assetId": "OiUk3E6LM3g",
          "checksum": "b089705525ca74554f9f0621a4ac1ca0"
        },
        {
          "type": "icon",
          "assetId": "1yuRwJ6VGDP",
          "checksum": "007617b29ed878c45f1c6e9d458e4558"
        },
        {
          "type": "icon",
          "assetId": "gjJAKpMz6GI",
          "checksum": "f950028f90095a21f7e369ede8881c4c"
        },
        {
          "type": "image",
          "assetId": "TMOAFfzCeo3",
          "checksum": "32cb12cdb4ddba24dd035feb79e0e42c"
        },
        {
          "type": "renderModule",
          "assetId": "hHvPWKVFpN",
          "checksum": "d4687680c28bac49f1e42c88913a2b8a"
        },
        {
          "type": "cssRules",
          "assetId": "hHvPWKVFpN",
          "checksum": "d4687680c28bac49f1e42c88913a2b8a"
        },
        {
          "type": "image",
          "assetId": "1_ZUKLXo2",
          "checksum": "5470f9a18672cc316f21498a7e7d8412"
        },
        {
          "type": "image",
          "assetId": "4IsLXFqSR",
          "checksum": "d668abb28bb7df769d2d15b39d309c91"
        },
        {
          "type": "image",
          "assetId": "n6CwUMDcQ",
          "checksum": "a09773157bd1324449c16da0ca01af2d"
        },
        {
          "type": "image",
          "assetId": "sr7HOGUDu",
          "checksum": "c542fe5e1d6c9c875097f7ce47f7d71d"
        },
        {
          "assetId": "eSHiknYGb4WLC3QGLYLFnQ",
          "type": "projectCss",
          "checksum": "e478cbcca453df2f6b96a84acc33ab82"
        },
        {
          "type": "renderModule",
          "assetId": "sTPn1uNXQV",
          "checksum": "813c715e29b8f2aa3d19071461449b04"
        },
        {
          "type": "cssRules",
          "assetId": "sTPn1uNXQV",
          "checksum": "813c715e29b8f2aa3d19071461449b04"
        }
      ],
      "codegenVersion": "0.0.1"
    },
    {
      "projectId": "YUiM7yqBWAqsh8KSnrdj7",
      "version": "0.19.0",
      "dependencies": {},
      "lang": "ts",
      "fileLocks": [
        {
          "assetId": "YUiM7yqBWAqsh8KSnrdj7",
          "type": "projectCss",
          "checksum": "dac72600b04b6e6a3014e82512a15fe1"
        }
      ],
      "codegenVersion": "0.0.1"
    },
    {
      "projectId": "28Ba3BDvRe7EiWdfFNnLB6",
      "version": "2.23.0",
      "dependencies": {},
      "lang": "ts",
      "fileLocks": [
        {
          "assetId": "28Ba3BDvRe7EiWdfFNnLB6",
          "type": "projectCss",
          "checksum": "e1ec850476829c38b0f9b6d4f7ac446a"
        }
      ],
      "codegenVersion": "0.0.1"
    },
    {
      "projectId": "GTgVzsUHzMuCMexkxJk8C",
      "version": "1.17.0",
      "dependencies": {},
      "lang": "ts",
      "fileLocks": [
        {
          "assetId": "GTgVzsUHzMuCMexkxJk8C",
          "checksum": "d4b166de9e30af91e78430d22c9c6acd",
          "type": "globalContexts"
        },
        {
          "assetId": "GTgVzsUHzMuCMexkxJk8C",
          "type": "projectCss",
          "checksum": "512ff26de67a0d5e4509540dfa8f5a2e"
        }
      ],
      "codegenVersion": "0.0.1"
    },
    {
      "projectId": "r3ASNrnyvLLLAtDvzUioQ",
      "version": "3.15.0",
      "dependencies": {},
      "lang": "ts",
      "fileLocks": [
        {
          "assetId": "r3ASNrnyvLLLAtDvzUioQ",
          "type": "projectCss",
          "checksum": "97ec772be5160e37b26814fd84fdccb9"
        }
      ],
      "codegenVersion": "0.0.1"
    }
  ],
  "cliVersion": "0.1.271"
}
